// !$*UTF8*$!
{
	archiveVersion = 1;
	classes = {
	};
	objectVersion = 46;
	objects = {

/* Begin PBXBuildFile section */
		2A3BF2061D19FF1E000DEBBE /* AppDelegate.swift in Sources */ = {isa = PBXBuildFile; fileRef = 2A3BF2051D19FF1E000DEBBE /* AppDelegate.swift */; };
		2A3BF2081D19FF1E000DEBBE /* ViewController.swift in Sources */ = {isa = PBXBuildFile; fileRef = 2A3BF2071D19FF1E000DEBBE /* ViewController.swift */; };
		2A3BF20B1D19FF1E000DEBBE /* Main.storyboard in Resources */ = {isa = PBXBuildFile; fileRef = 2A3BF2091D19FF1E000DEBBE /* Main.storyboard */; };
		2A3BF20D1D19FF1E000DEBBE /* Assets.xcassets in Resources */ = {isa = PBXBuildFile; fileRef = 2A3BF20C1D19FF1E000DEBBE /* Assets.xcassets */; };
		2A3BF2101D19FF1E000DEBBE /* LaunchScreen.storyboard in Resources */ = {isa = PBXBuildFile; fileRef = 2A3BF20E1D19FF1E000DEBBE /* LaunchScreen.storyboard */; };
/* End PBXBuildFile section */

/* Begin PBXFileReference section */
		2A3BF2021D19FF1E000DEBBE /* TipPro.app */ = {isa = PBXFileReference; explicitFileType = wrapper.application; includeInIndex = 0; path = TipPro.app; sourceTree = BUILT_PRODUCTS_DIR; };
		2A3BF2051D19FF1E000DEBBE /* AppDelegate.swift */ = {isa = PBXFileReference; lastKnownFileType = sourcecode.swift; path = AppDelegate.swift; sourceTree = "<group>"; };
		2A3BF2071D19FF1E000DEBBE /* ViewController.swift */ = {isa = PBXFileReference; lastKnownFileType = sourcecode.swift; path = ViewController.swift; sourceTree = "<group>"; };
		2A3BF20A1D19FF1E000DEBBE /* Base */ = {isa = PBXFileReference; lastKnownFileType = file.storyboard; name = Base; path = Base.lproj/Main.storyboard; sourceTree = "<group>"; };
		2A3BF20C1D19FF1E000DEBBE /* Assets.xcassets */ = {isa = PBXFileReference; lastKnownFileType = folder.assetcatalog; path = Assets.xcassets; sourceTree = "<group>"; };
		2A3BF20F1D19FF1E000DEBBE /* Base */ = {isa = PBXFileReference; lastKnownFileType = file.storyboard; name = Base; path = Base.lproj/LaunchScreen.storyboard; sourceTree = "<group>"; };
		2A3BF2111D19FF1E000DEBBE /* Info.plist */ = {isa = PBXFileReference; lastKnownFileType = text.plist.xml; path = Info.plist; sourceTree = "<group>"; };
/* End PBXFileReference section */

/* Begin PBXFrameworksBuildPhase section */
		2A3BF1FF1D19FF1E000DEBBE /* Frameworks */ = {
			isa = PBXFrameworksBuildPhase;
			buildActionMask = 2147483647;
			files = (
			);
			runOnlyForDeploymentPostprocessing = 0;
		};
/* End PBXFrameworksBuildPhase section */

/* Begin PBXGroup section */
		2A3BF1F91D19FF1E000DEBBE = {
			isa = PBXGroup;
			children = (
				2A3BF2041D19FF1E000DEBBE /* TipPro */,
				2A3BF2031D19FF1E000DEBBE /* Products */,
			);
			sourceTree = "<group>";
		};
		2A3BF2031D19FF1E000DEBBE /* Products */ = {
			isa = PBXGroup;
			children = (
				2A3BF2021D19FF1E000DEBBE /* TipPro.app */,
			);
			name = Products;
			sourceTree = "<group>";
		};
		2A3BF2041D19FF1E000DEBBE /* TipPro */ = {
			isa = PBXGroup;
			children = (
				2A3BF2051D19FF1E000DEBBE /* AppDelegate.swift */,
				2A3BF2071D19FF1E000DEBBE /* ViewController.swift */,
				2A3BF2091D19FF1E000DEBBE /* Main.storyboard */,
				2A3BF20C1D19FF1E000DEBBE /* Assets.xcassets */,
				2A3BF20E1D19FF1E000DEBBE /* LaunchScreen.storyboard */,
				2A3BF2111D19FF1E000DEBBE /* Info.plist */,
			);
			path = TipPro;
			sourceTree = "<group>";
		};
/* End PBXGroup section */

/* Begin PBXNativeTarget section */
		2A3BF2011D19FF1E000DEBBE /* TipPro */ = {
			isa = PBXNativeTarget;
			buildConfigurationList = 2A3BF2141D19FF1E000DEBBE /* Build configuration list for PBXNativeTarget "TipPro" */;
			buildPhases = (
				2A3BF1FE1D19FF1E000DEBBE /* Sources */,
				2A3BF1FF1D19FF1E000DEBBE /* Frameworks */,
				2A3BF2001D19FF1E000DEBBE /* Resources */,
			);
			buildRules = (
			);
			dependencies = (
			);
			name = TipPro;
			productName = TipPro;
			productReference = 2A3BF2021D19FF1E000DEBBE /* TipPro.app */;
			productType = "com.apple.product-type.application";
		};
/* End PBXNativeTarget section */

/* Begin PBXProject section */
		2A3BF1FA1D19FF1E000DEBBE /* Project object */ = {
			isa = PBXProject;
			attributes = {
				LastSwiftUpdateCheck = 0730;
				LastUpgradeCheck = 0730;
				ORGANIZATIONNAME = "Mehul Ajith";
				TargetAttributes = {
					2A3BF2011D19FF1E000DEBBE = {
						CreatedOnToolsVersion = 7.3.1;
					};
				};
			};
			buildConfigurationList = 2A3BF1FD1D19FF1E000DEBBE /* Build configuration list for PBXProject "TipPro" */;
			compatibilityVersion = "Xcode 3.2";
			developmentRegion = English;
			hasScannedForEncodings = 0;
			knownRegions = (
				en,
				Base,
			);
			mainGroup = 2A3BF1F91D19FF1E000DEBBE;
			productRefGroup = 2A3BF2031D19FF1E000DEBBE /* Products */;
			projectDirPath = "";
			projectRoot = "";
			targets = (
				2A3BF2011D19FF1E000DEBBE /* TipPro */,
			);
		};
/* End PBXProject section */

/* Begin PBXResourcesBuildPhase section */
		2A3BF2001D19FF1E000DEBBE /* Resources */ = {
			isa = PBXResourcesBuildPhase;
			buildActionMask = 2147483647;
			files = (
				2A3BF2101D19FF1E000DEBBE /* LaunchScreen.storyboard in Resources */,
				2A3BF20D1D19FF1E000DEBBE /* Assets.xcassets in Resources */,
				2A3BF20B1D19FF1E000DEBBE /* Main.storyboard in Resources */,
			);
			runOnlyForDeploymentPostprocessing = 0;
		};
/* End PBXResourcesBuildPhase section */

/* Begin PBXSourcesBuildPhase section */
		2A3BF1FE1D19FF1E000DEBBE /* Sources */ = {
			isa = PBXSourcesBuildPhase;
			buildActionMask = 2147483647;
			files = (
				2A3BF2081D19FF1E000DEBBE /* ViewController.swift in Sources */,
				2A3BF2061D19FF1E000DEBBE /* AppDelegate.swift in Sources */,
			);
			runOnlyForDeploymentPostprocessing = 0;
		};
/* End PBXSourcesBuildPhase section */

/* Begin PBXVariantGroup section */
		2A3BF2091D19FF1E000DEBBE /* Main.storyboard */ = {
			isa = PBXVariantGroup;
			children = (
				2A3BF20A1D19FF1E000DEBBE /* Base */,
			);
			name = Main.storyboard;
			sourceTree = "<group>";
		};
		2A3BF20E1D19FF1E000DEBBE /* LaunchScreen.storyboard */ = {
			isa = PBXVariantGroup;
			children = (
				2A3BF20F1D19FF1E000DEBBE /* Base */,
			);
			name = LaunchScreen.storyboard;
			sourceTree = "<group>";
		};
/* End PBXVariantGroup section */

/* Begin XCBuildConfiguration section */
		2A3BF2121D19FF1E000DEBBE /* Debug */ = {
			isa = XCBuildConfiguration;
			buildSettings = {
				ALWAYS_SEARCH_USER_PATHS = NO;
				CLANG_ANALYZER_NONNULL = YES;
				CLANG_CXX_LANGUAGE_STANDARD = "gnu++0x";
				CLANG_CXX_LIBRARY = "libc++";
				CLANG_ENABLE_MODULES = YES;
				CLANG_ENABLE_OBJC_ARC = YES;
				CLANG_WARN_BOOL_CONVERSION = YES;
				CLANG_WARN_CONSTANT_CONVERSION = YES;
				CLANG_WARN_DIRECT_OBJC_ISA_USAGE = YES_ERROR;
				CLANG_WARN_EMPTY_BODY = YES;
				CLANG_WARN_ENUM_CONVERSION = YES;
				CLANG_WARN_INT_CONVERSION = YES;
				CLANG_WARN_OBJC_ROOT_CLASS = YES_ERROR;
				CLANG_WARN_UNREACHABLE_CODE = YES;
				CLANG_WARN__DUPLICATE_METHOD_MATCH = YES;
				"CODE_SIGN_IDENTITY[sdk=iphoneos*]" = "iPhone Developer";
				COPY_PHASE_STRIP = NO;
				DEBUG_INFORMATION_FORMAT = dwarf;
				ENABLE_STRICT_OBJC_MSGSEND = YES;
				ENABLE_TESTABILITY = YES;
				GCC_C_LANGUAGE_STANDARD = gnu99;
				GCC_DYNAMIC_NO_PIC = NO;
				GCC_NO_COMMON_BLOCKS = YES;
				GCC_OPTIMIZATION_LEVEL = 0;
				GCC_PREPROCESSOR_DEFINITIONS = (
					"DEBUG=1",
					"$(inherited)",
				);
				GCC_WARN_64_TO_32_BIT_CONVERSION = YES;
				GCC_WARN_ABOUT_RETURN_TYPE = YES_ERROR;
				GCC_WARN_UNDECLARED_SELECTOR = YES;
				GCC_WARN_UNINITIALIZED_AUTOS = YES_AGGRESSIVE;
				GCC_WARN_UNUSED_FUNCTION = YES;
				GCC_WARN_UNUSED_VARIABLE = YES;
				IPHONEOS_DEPLOYMENT_TARGET = 9.3;
				MTL_ENABLE_DEBUG_INFO = YES;
				ONLY_ACTIVE_ARCH = YES;
				SDKROOT = iphoneos;
				SWIFT_OPTIMIZATION_LEVEL = "-Onone";
				TARGETED_DEVICE_FAMILY = "1,2";
			};
			name = Debug;
		};
		2A3BF2131D19FF1E000DEBBE /* Release */ = {
			isa = XCBuildConfiguration;
			buildSettings = {
				ALWAYS_SEARCH_USER_PATHS = NO;
				CLANG_ANALYZER_NONNULL = YES;
				CLANG_CXX_LANGUAGE_STANDARD = "gnu++0x";
				CLANG_CXX_LIBRARY = "libc++";
				CLANG_ENABLE_MODULES = YES;
				CLANG_ENABLE_OBJC_ARC = YES;
				CLANG_WARN_BOOL_CONVERSION = YES;
				CLANG_WARN_CONSTANT_CONVERSION = YES;
				CLANG_WARN_DIRECT_OBJC_ISA_USAGE = YES_ERROR;
				CLANG_WARN_EMPTY_BODY = YES;
				CLANG_WARN_ENUM_CONVERSION = YES;
				CLANG_WARN_INT_CONVERSION = YES;
				CLANG_WARN_OBJC_ROOT_CLASS = YES_ERROR;
				CLANG_WARN_UNREACHABLE_CODE = YES;
				CLANG_WARN__DUPLICATE_METHOD_MATCH = YES;
				"CODE_SIGN_IDENTITY[sdk=iphoneos*]" = "iPhone Developer";
				COPY_PHASE_STRIP = NO;
				DEBUG_INFORMATION_FORMAT = "dwarf-with-dsym";
				ENABLE_NS_ASSERTIONS = NO;
				ENABLE_STRICT_OBJC_MSGSEND = YES;
				GCC_C_LANGUAGE_STANDARD = gnu99;
				GCC_NO_COMMON_BLOCKS = YES;
				GCC_WARN_64_TO_32_BIT_CONVERSION = YES;
				GCC_WARN_ABOUT_RETURN_TYPE = YES_ERROR;
				GCC_WARN_UNDECLARED_SELECTOR = YES;
				GCC_WARN_UNINITIALIZED_AUTOS = YES_AGGRESSIVE;
				GCC_WARN_UNUSED_FUNCTION = YES;
				GCC_WARN_UNUSED_VARIABLE = YES;
				IPHONEOS_DEPLOYMENT_TARGET = 9.3;
				MTL_ENABLE_DEBUG_INFO = NO;
				SDKROOT = iphoneos;
				TARGETED_DEVICE_FAMILY = "1,2";
				VALIDATE_PRODUCT = YES;
			};
			name = Release;
		};
		2A3BF2151D19FF1E000DEBBE /* Debug */ = {
			isa = XCBuildConfiguration;
			buildSettings = {
				ASSETCATALOG_COMPILER_APPICON_NAME = AppIcon;
				INFOPLIST_FILE = TipPro/Info.plist;
				LD_RUNPATH_SEARCH_PATHS = "$(inherited) @executable_path/Frameworks";
				PRODUCT_BUNDLE_IDENTIFIER = mehul.TipPro;
				PRODUCT_NAME = "$(TARGET_NAME)";
			};
			name = Debug;
		};
		2A3BF2161D19FF1E000DEBBE /* Release */ = {
			isa = XCBuildConfiguration;
			buildSettings = {
				ASSETCATALOG_COMPILER_APPICON_NAME = AppIcon;
				INFOPLIST_FILE = TipPro/Info.plist;
				LD_RUNPATH_SEARCH_PATHS = "$(inherited) @executable_path/Frameworks";
				PRODUCT_BUNDLE_IDENTIFIER = mehul.TipPro;
				PRODUCT_NAME = "$(TARGET_NAME)";
			};
			name = Release;
		};
/* End XCBuildConfiguration section */

/* Begin XCConfigurationList section */
		2A3BF1FD1D19FF1E000DEBBE /* Build configuration list for PBXProject "TipPro" */ = {
			isa = XCConfigurationList;
			buildConfigurations = (
				2A3BF2121D19FF1E000DEBBE /* Debug */,
				2A3BF2131D19FF1E000DEBBE /* Release */,
			);
			defaultConfigurationIsVisible = 0;
			defaultConfigurationName = Release;
		};
		2A3BF2141D19FF1E000DEBBE /* Build configuration list for PBXNativeTarget "TipPro" */ = {
			isa = XCConfigurationList;
			buildConfigurations = (
				2A3BF2151D19FF1E000DEBBE /* Debug */,
				2A3BF2161D19FF1E000DEBBE /* Release */,
			);
			defaultConfigurationIsVisible = 0;
			defaultConfigurationName = Release;
		};
/* End XCConfigurationList section */
	};
	rootObject = 2A3BF1FA1D19FF1E000DEBBE /* Project object */;
}
